// !$*UTF8*$!
{
	archiveVersion = 1;
	classes = {
	};
	objectVersion = 50;
	objects = {

/* Begin PBXBuildFile section */
		AEBE521C2436892C00283423 /* AppDelegate.swift in Sources */ = {isa = PBXBuildFile; fileRef = AEBE521B2436892C00283423 /* AppDelegate.swift */; };
		AEBE521E2436892C00283423 /* SceneDelegate.swift in Sources */ = {isa = PBXBuildFile; fileRef = AEBE521D2436892C00283423 /* SceneDelegate.swift */; };
		AEBE52202436892C00283423 /* ViewController.swift in Sources */ = {isa = PBXBuildFile; fileRef = AEBE521F2436892C00283423 /* ViewController.swift */; };
		AEBE52232436892C00283423 /* Main.storyboard in Resources */ = {isa = PBXBuildFile; fileRef = AEBE52212436892C00283423 /* Main.storyboard */; };
		AEBE52252436892D00283423 /* Assets.xcassets in Resources */ = {isa = PBXBuildFile; fileRef = AEBE52242436892D00283423 /* Assets.xcassets */; };
		AEBE52282436892D00283423 /* LaunchScreen.storyboard in Resources */ = {isa = PBXBuildFile; fileRef = AEBE52262436892D00283423 /* LaunchScreen.storyboard */; };
		AEBE52332436892E00283423 /* BuilderExampleTests.swift in Sources */ = {isa = PBXBuildFile; fileRef = AEBE52322436892E00283423 /* BuilderExampleTests.swift */; };
		AEBE523E2436892E00283423 /* BuilderExampleUITests.swift in Sources */ = {isa = PBXBuildFile; fileRef = AEBE523D2436892E00283423 /* BuilderExampleUITests.swift */; };
/* End PBXBuildFile section */

/* Begin PBXContainerItemProxy section */
		AEBE522F2436892E00283423 /* PBXContainerItemProxy */ = {
			isa = PBXContainerItemProxy;
			containerPortal = AEBE52102436892B00283423 /* Project object */;
			proxyType = 1;
			remoteGlobalIDString = AEBE52172436892C00283423;
			remoteInfo = BuilderExample;
		};
		AEBE523A2436892E00283423 /* PBXContainerItemProxy */ = {
			isa = PBXContainerItemProxy;
			containerPortal = AEBE52102436892B00283423 /* Project object */;
			proxyType = 1;
			remoteGlobalIDString = AEBE52172436892C00283423;
			remoteInfo = BuilderExample;
		};
/* End PBXContainerItemProxy section */

/* Begin PBXFileReference section */
		AEBE52182436892C00283423 /* BuilderExample.app */ = {isa = PBXFileReference; explicitFileType = wrapper.application; includeInIndex = 0; path = BuilderExample.app; sourceTree = BUILT_PRODUCTS_DIR; };
		AEBE521B2436892C00283423 /* AppDelegate.swift */ = {isa = PBXFileReference; lastKnownFileType = sourcecode.swift; path = AppDelegate.swift; sourceTree = "<group>"; };
		AEBE521D2436892C00283423 /* SceneDelegate.swift */ = {isa = PBXFileReference; lastKnownFileType = sourcecode.swift; path = SceneDelegate.swift; sourceTree = "<group>"; };
		AEBE521F2436892C00283423 /* ViewController.swift */ = {isa = PBXFileReference; lastKnownFileType = sourcecode.swift; path = ViewController.swift; sourceTree = "<group>"; };
		AEBE52222436892C00283423 /* Base */ = {isa = PBXFileReference; lastKnownFileType = file.storyboard; name = Base; path = Base.lproj/Main.storyboard; sourceTree = "<group>"; };
		AEBE52242436892D00283423 /* Assets.xcassets */ = {isa = PBXFileReference; lastKnownFileType = folder.assetcatalog; path = Assets.xcassets; sourceTree = "<group>"; };
		AEBE52272436892D00283423 /* Base */ = {isa = PBXFileReference; lastKnownFileType = file.storyboard; name = Base; path = Base.lproj/LaunchScreen.storyboard; sourceTree = "<group>"; };
		AEBE52292436892D00283423 /* Info.plist */ = {isa = PBXFileReference; lastKnownFileType = text.plist.xml; path = Info.plist; sourceTree = "<group>"; };
		AEBE522E2436892E00283423 /* BuilderExampleTests.xctest */ = {isa = PBXFileReference; explicitFileType = wrapper.cfbundle; includeInIndex = 0; path = BuilderExampleTests.xctest; sourceTree = BUILT_PRODUCTS_DIR; };
		AEBE52322436892E00283423 /* BuilderExampleTests.swift */ = {isa = PBXFileReference; lastKnownFileType = sourcecode.swift; path = BuilderExampleTests.swift; sourceTree = "<group>"; };
		AEBE52342436892E00283423 /* Info.plist */ = {isa = PBXFileReference; lastKnownFileType = text.plist.xml; path = Info.plist; sourceTree = "<group>"; };
		AEBE52392436892E00283423 /* BuilderExampleUITests.xctest */ = {isa = PBXFileReference; explicitFileType = wrapper.cfbundle; includeInIndex = 0; path = BuilderExampleUITests.xctest; sourceTree = BUILT_PRODUCTS_DIR; };
		AEBE523D2436892E00283423 /* BuilderExampleUITests.swift */ = {isa = PBXFileReference; lastKnownFileType = sourcecode.swift; path = BuilderExampleUITests.swift; sourceTree = "<group>"; };
		AEBE523F2436892E00283423 /* Info.plist */ = {isa = PBXFileReference; lastKnownFileType = text.plist.xml; path = Info.plist; sourceTree = "<group>"; };
/* End PBXFileReference section */

/* Begin PBXFrameworksBuildPhase section */
		AEBE52152436892C00283423 /* Frameworks */ = {
			isa = PBXFrameworksBuildPhase;
			buildActionMask = 2147483647;
			files = (
			);
			runOnlyForDeploymentPostprocessing = 0;
		};
		AEBE522B2436892E00283423 /* Frameworks */ = {
			isa = PBXFrameworksBuildPhase;
			buildActionMask = 2147483647;
			files = (
			);
			runOnlyForDeploymentPostprocessing = 0;
		};
		AEBE52362436892E00283423 /* Frameworks */ = {
			isa = PBXFrameworksBuildPhase;
			buildActionMask = 2147483647;
			files = (
			);
			runOnlyForDeploymentPostprocessing = 0;
		};
/* End PBXFrameworksBuildPhase section */

/* Begin PBXGroup section */
		AEBE520F2436892B00283423 = {
			isa = PBXGroup;
			children = (
				AEBE521A2436892C00283423 /* BuilderExample */,
				AEBE52312436892E00283423 /* BuilderExampleTests */,
				AEBE523C2436892E00283423 /* BuilderExampleUITests */,
				AEBE52192436892C00283423 /* Products */,
			);
			sourceTree = "<group>";
		};
		AEBE52192436892C00283423 /* Products */ = {
			isa = PBXGroup;
			children = (
				AEBE52182436892C00283423 /* BuilderExample.app */,
				AEBE522E2436892E00283423 /* BuilderExampleTests.xctest */,
				AEBE52392436892E00283423 /* BuilderExampleUITests.xctest */,
			);
			name = Products;
			sourceTree = "<group>";
		};
		AEBE521A2436892C00283423 /* BuilderExample */ = {
			isa = PBXGroup;
			children = (
				AEBE521B2436892C00283423 /* AppDelegate.swift */,
				AEBE521D2436892C00283423 /* SceneDelegate.swift */,
				AEBE521F2436892C00283423 /* ViewController.swift */,
				AEBE52212436892C00283423 /* Main.storyboard */,
				AEBE52242436892D00283423 /* Assets.xcassets */,
				AEBE52262436892D00283423 /* LaunchScreen.storyboard */,
				AEBE52292436892D00283423 /* Info.plist */,
			);
			path = BuilderExample;
			sourceTree = "<group>";
		};
		AEBE52312436892E00283423 /* BuilderExampleTests */ = {
			isa = PBXGroup;
			children = (
				AEBE52322436892E00283423 /* BuilderExampleTests.swift */,
				AEBE52342436892E00283423 /* Info.plist */,
			);
			path = BuilderExampleTests;
			sourceTree = "<group>";
		};
		AEBE523C2436892E00283423 /* BuilderExampleUITests */ = {
			isa = PBXGroup;
			children = (
				AEBE523D2436892E00283423 /* BuilderExampleUITests.swift */,
				AEBE523F2436892E00283423 /* Info.plist */,
			);
			path = BuilderExampleUITests;
			sourceTree = "<group>";
		};
/* End PBXGroup section */

/* Begin PBXNativeTarget section */
		AEBE52172436892C00283423 /* BuilderExample */ = {
			isa = PBXNativeTarget;
			buildConfigurationList = AEBE52422436892E00283423 /* Build configuration list for PBXNativeTarget "BuilderExample" */;
			buildPhases = (
				AEBE52142436892C00283423 /* Sources */,
				AEBE52152436892C00283423 /* Frameworks */,
				AEBE52162436892C00283423 /* Resources */,
			);
			buildRules = (
			);
			dependencies = (
			);
			name = BuilderExample;
			productName = BuilderExample;
			productReference = AEBE52182436892C00283423 /* BuilderExample.app */;
			productType = "com.apple.product-type.application";
		};
		AEBE522D2436892E00283423 /* BuilderExampleTests */ = {
			isa = PBXNativeTarget;
			buildConfigurationList = AEBE52452436892E00283423 /* Build configuration list for PBXNativeTarget "BuilderExampleTests" */;
			buildPhases = (
				AEBE522A2436892E00283423 /* Sources */,
				AEBE522B2436892E00283423 /* Frameworks */,
				AEBE522C2436892E00283423 /* Resources */,
			);
			buildRules = (
			);
			dependencies = (
				AEBE52302436892E00283423 /* PBXTargetDependency */,
			);
			name = BuilderExampleTests;
			productName = BuilderExampleTests;
			productReference = AEBE522E2436892E00283423 /* BuilderExampleTests.xctest */;
			productType = "com.apple.product-type.bundle.unit-test";
		};
		AEBE52382436892E00283423 /* BuilderExampleUITests */ = {
			isa = PBXNativeTarget;
			buildConfigurationList = AEBE52482436892E00283423 /* Build configuration list for PBXNativeTarget "BuilderExampleUITests" */;
			buildPhases = (
				AEBE52352436892E00283423 /* Sources */,
				AEBE52362436892E00283423 /* Frameworks */,
				AEBE52372436892E00283423 /* Resources */,
			);
			buildRules = (
			);
			dependencies = (
				AEBE523B2436892E00283423 /* PBXTargetDependency */,
			);
			name = BuilderExampleUITests;
			productName = BuilderExampleUITests;
			productReference = AEBE52392436892E00283423 /* BuilderExampleUITests.xctest */;
			productType = "com.apple.product-type.bundle.ui-testing";
		};
/* End PBXNativeTarget section */

/* Begin PBXProject section */
		AEBE52102436892B00283423 /* Project object */ = {
			isa = PBXProject;
			attributes = {
				LastSwiftUpdateCheck = 1140;
				LastUpgradeCheck = 1140;
				ORGANIZATIONNAME = "Giovane Barreira";
				TargetAttributes = {
					AEBE52172436892C00283423 = {
						CreatedOnToolsVersion = 11.4;
					};
					AEBE522D2436892E00283423 = {
						CreatedOnToolsVersion = 11.4;
						TestTargetID = AEBE52172436892C00283423;
					};
					AEBE52382436892E00283423 = {
						CreatedOnToolsVersion = 11.4;
						TestTargetID = AEBE52172436892C00283423;
					};
				};
			};
			buildConfigurationList = AEBE52132436892B00283423 /* Build configuration list for PBXProject "BuilderExample" */;
			compatibilityVersion = "Xcode 9.3";
			developmentRegion = en;
			hasScannedForEncodings = 0;
			knownRegions = (
				en,
				Base,
			);
			mainGroup = AEBE520F2436892B00283423;
			productRefGroup = AEBE52192436892C00283423 /* Products */;
			projectDirPath = "";
			projectRoot = "";
			targets = (
				AEBE52172436892C00283423 /* BuilderExample */,
				AEBE522D2436892E00283423 /* BuilderExampleTests */,
				AEBE52382436892E00283423 /* BuilderExampleUITests */,
			);
		};
/* End PBXProject section */

/* Begin PBXResourcesBuildPhase section */
		AEBE52162436892C00283423 /* Resources */ = {
			isa = PBXResourcesBuildPhase;
			buildActionMask = 2147483647;
			files = (
				AEBE52282436892D00283423 /* LaunchScreen.storyboard in Resources */,
				AEBE52252436892D00283423 /* Assets.xcassets in Resources */,
				AEBE52232436892C00283423 /* Main.storyboard in Resources */,
			);
			runOnlyForDeploymentPostprocessing = 0;
		};
		AEBE522C2436892E00283423 /* Resources */ = {
			isa = PBXResourcesBuildPhase;
			buildActionMask = 2147483647;
			files = (
			);
			runOnlyForDeploymentPostprocessing = 0;
		};
		AEBE52372436892E00283423 /* Resources */ = {
			isa = PBXResourcesBuildPhase;
			buildActionMask = 2147483647;
			files = (
			);
			runOnlyForDeploymentPostprocessing = 0;
		};
/* End PBXResourcesBuildPhase section */

/* Begin PBXSourcesBuildPhase section */
		AEBE52142436892C00283423 /* Sources */ = {
			isa = PBXSourcesBuildPhase;
			buildActionMask = 2147483647;
			files = (
				AEBE52202436892C00283423 /* ViewController.swift in Sources */,
				AEBE521C2436892C00283423 /* AppDelegate.swift in Sources */,
				AEBE521E2436892C00283423 /* SceneDelegate.swift in Sources */,
			);
			runOnlyForDeploymentPostprocessing = 0;
		};
		AEBE522A2436892E00283423 /* Sources */ = {
			isa = PBXSourcesBuildPhase;
			buildActionMask = 2147483647;
			files = (
				AEBE52332436892E00283423 /* BuilderExampleTests.swift in Sources */,
			);
			runOnlyForDeploymentPostprocessing = 0;
		};
		AEBE52352436892E00283423 /* Sources */ = {
			isa = PBXSourcesBuildPhase;
			buildActionMask = 2147483647;
			files = (
				AEBE523E2436892E00283423 /* BuilderExampleUITests.swift in Sources */,
			);
			runOnlyForDeploymentPostprocessing = 0;
		};
/* End PBXSourcesBuildPhase section */

/* Begin PBXTargetDependency section */
		AEBE52302436892E00283423 /* PBXTargetDependency */ = {
			isa = PBXTargetDependency;
			target = AEBE52172436892C00283423 /* BuilderExample */;
			targetProxy = AEBE522F2436892E00283423 /* PBXContainerItemProxy */;
		};
		AEBE523B2436892E00283423 /* PBXTargetDependency */ = {
			isa = PBXTargetDependency;
			target = AEBE52172436892C00283423 /* BuilderExample */;
			targetProxy = AEBE523A2436892E00283423 /* PBXContainerItemProxy */;
		};
/* End PBXTargetDependency section */

/* Begin PBXVariantGroup section */
		AEBE52212436892C00283423 /* Main.storyboard */ = {
			isa = PBXVariantGroup;
			children = (
				AEBE52222436892C00283423 /* Base */,
			);
			name = Main.storyboard;
			sourceTree = "<group>";
		};
		AEBE52262436892D00283423 /* LaunchScreen.storyboard */ = {
			isa = PBXVariantGroup;
			children = (
				AEBE52272436892D00283423 /* Base */,
			);
			name = LaunchScreen.storyboard;
			sourceTree = "<group>";
		};
/* End PBXVariantGroup section */

/* Begin XCBuildConfiguration section */
		AEBE52402436892E00283423 /* Debug */ = {
			isa = XCBuildConfiguration;
			buildSettings = {
				ALWAYS_SEARCH_USER_PATHS = NO;
				CLANG_ANALYZER_NONNULL = YES;
				CLANG_ANALYZER_NUMBER_OBJECT_CONVERSION = YES_AGGRESSIVE;
				CLANG_CXX_LANGUAGE_STANDARD = "gnu++14";
				CLANG_CXX_LIBRARY = "libc++";
				CLANG_ENABLE_MODULES = YES;
				CLANG_ENABLE_OBJC_ARC = YES;
				CLANG_ENABLE_OBJC_WEAK = YES;
				CLANG_WARN_BLOCK_CAPTURE_AUTORELEASING = YES;
				CLANG_WARN_BOOL_CONVERSION = YES;
				CLANG_WARN_COMMA = YES;
				CLANG_WARN_CONSTANT_CONVERSION = YES;
				CLANG_WARN_DEPRECATED_OBJC_IMPLEMENTATIONS = YES;
				CLANG_WARN_DIRECT_OBJC_ISA_USAGE = YES_ERROR;
				CLANG_WARN_DOCUMENTATION_COMMENTS = YES;
				CLANG_WARN_EMPTY_BODY = YES;
				CLANG_WARN_ENUM_CONVERSION = YES;
				CLANG_WARN_INFINITE_RECURSION = YES;
				CLANG_WARN_INT_CONVERSION = YES;
				CLANG_WARN_NON_LITERAL_NULL_CONVERSION = YES;
				CLANG_WARN_OBJC_IMPLICIT_RETAIN_SELF = YES;
				CLANG_WARN_OBJC_LITERAL_CONVERSION = YES;
				CLANG_WARN_OBJC_ROOT_CLASS = YES_ERROR;
				CLANG_WARN_RANGE_LOOP_ANALYSIS = YES;
				CLANG_WARN_STRICT_PROTOTYPES = YES;
				CLANG_WARN_SUSPICIOUS_MOVE = YES;
				CLANG_WARN_UNGUARDED_AVAILABILITY = YES_AGGRESSIVE;
				CLANG_WARN_UNREACHABLE_CODE = YES;
				CLANG_WARN__DUPLICATE_METHOD_MATCH = YES;
				COPY_PHASE_STRIP = NO;
				DEBUG_INFORMATION_FORMAT = dwarf;
				ENABLE_STRICT_OBJC_MSGSEND = YES;
				ENABLE_TESTABILITY = YES;
				GCC_C_LANGUAGE_STANDARD = gnu11;
				GCC_DYNAMIC_NO_PIC = NO;
				GCC_NO_COMMON_BLOCKS = YES;
				GCC_OPTIMIZATION_LEVEL = 0;
				GCC_PREPROCESSOR_DEFINITIONS = (
					"DEBUG=1",
					"$(inherited)",
				);
				GCC_WARN_64_TO_32_BIT_CONVERSION = YES;
				GCC_WARN_ABOUT_RETURN_TYPE = YES_ERROR;
				GCC_WARN_UNDECLARED_SELECTOR = YES;
				GCC_WARN_UNINITIALIZED_AUTOS = YES_AGGRESSIVE;
				GCC_WARN_UNUSED_FUNCTION = YES;
				GCC_WARN_UNUSED_VARIABLE = YES;
				IPHONEOS_DEPLOYMENT_TARGET = 13.4;
				MTL_ENABLE_DEBUG_INFO = INCLUDE_SOURCE;
				MTL_FAST_MATH = YES;
				ONLY_ACTIVE_ARCH = YES;
				SDKROOT = iphoneos;
				SWIFT_ACTIVE_COMPILATION_CONDITIONS = DEBUG;
				SWIFT_OPTIMIZATION_LEVEL = "-Onone";
			};
			name = Debug;
		};
		AEBE52412436892E00283423 /* Release */ = {
			isa = XCBuildConfiguration;
			buildSettings = {
				ALWAYS_SEARCH_USER_PATHS = NO;
				CLANG_ANALYZER_NONNULL = YES;
				CLANG_ANALYZER_NUMBER_OBJECT_CONVERSION = YES_AGGRESSIVE;
				CLANG_CXX_LANGUAGE_STANDARD = "gnu++14";
				CLANG_CXX_LIBRARY = "libc++";
				CLANG_ENABLE_MODULES = YES;
				CLANG_ENABLE_OBJC_ARC = YES;
				CLANG_ENABLE_OBJC_WEAK = YES;
				CLANG_WARN_BLOCK_CAPTURE_AUTORELEASING = YES;
				CLANG_WARN_BOOL_CONVERSION = YES;
				CLANG_WARN_COMMA = YES;
				CLANG_WARN_CONSTANT_CONVERSION = YES;
				CLANG_WARN_DEPRECATED_OBJC_IMPLEMENTATIONS = YES;
				CLANG_WARN_DIRECT_OBJC_ISA_USAGE = YES_ERROR;
				CLANG_WARN_DOCUMENTATION_COMMENTS = YES;
				CLANG_WARN_EMPTY_BODY = YES;
				CLANG_WARN_ENUM_CONVERSION = YES;
				CLANG_WARN_INFINITE_RECURSION = YES;
				CLANG_WARN_INT_CONVERSION = YES;
				CLANG_WARN_NON_LITERAL_NULL_CONVERSION = YES;
				CLANG_WARN_OBJC_IMPLICIT_RETAIN_SELF = YES;
				CLANG_WARN_OBJC_LITERAL_CONVERSION = YES;
				CLANG_WARN_OBJC_ROOT_CLASS = YES_ERROR;
				CLANG_WARN_RANGE_LOOP_ANALYSIS = YES;
				CLANG_WARN_STRICT_PROTOTYPES = YES;
				CLANG_WARN_SUSPICIOUS_MOVE = YES;
				CLANG_WARN_UNGUARDED_AVAILABILITY = YES_AGGRESSIVE;
				CLANG_WARN_UNREACHABLE_CODE = YES;
				CLANG_WARN__DUPLICATE_METHOD_MATCH = YES;
				COPY_PHASE_STRIP = NO;
				DEBUG_INFORMATION_FORMAT = "dwarf-with-dsym";
				ENABLE_NS_ASSERTIONS = NO;
				ENABLE_STRICT_OBJC_MSGSEND = YES;
				GCC_C_LANGUAGE_STANDARD = gnu11;
				GCC_NO_COMMON_BLOCKS = YES;
				GCC_WARN_64_TO_32_BIT_CONVERSION = YES;
				GCC_WARN_ABOUT_RETURN_TYPE = YES_ERROR;
				GCC_WARN_UNDECLARED_SELECTOR = YES;
				GCC_WARN_UNINITIALIZED_AUTOS = YES_AGGRESSIVE;
				GCC_WARN_UNUSED_FUNCTION = YES;
				GCC_WARN_UNUSED_VARIABLE = YES;
				IPHONEOS_DEPLOYMENT_TARGET = 13.4;
				MTL_ENABLE_DEBUG_INFO = NO;
				MTL_FAST_MATH = YES;
				SDKROOT = iphoneos;
				SWIFT_COMPILATION_MODE = wholemodule;
				SWIFT_OPTIMIZATION_LEVEL = "-O";
				VALIDATE_PRODUCT = YES;
			};
			name = Release;
		};
		AEBE52432436892E00283423 /* Debug */ = {
			isa = XCBuildConfiguration;
			buildSettings = {
				ASSETCATALOG_COMPILER_APPICON_NAME = AppIcon;
				CODE_SIGN_STYLE = Automatic;
				DEVELOPMENT_TEAM = KNQUVW98YZ;
				INFOPLIST_FILE = BuilderExample/Info.plist;
				LD_RUNPATH_SEARCH_PATHS = (
					"$(inherited)",
					"@executable_path/Frameworks",
				);
				PRODUCT_BUNDLE_IDENTIFIER = com.br.giovanebarreira.BuilderExample;
				PRODUCT_NAME = "$(TARGET_NAME)";
				SWIFT_VERSION = 5.0;
				TARGETED_DEVICE_FAMILY = "1,2";
			};
			name = Debug;
		};
		AEBE52442436892E00283423 /* Release */ = {
			isa = XCBuildConfiguration;
			buildSettings = {
				ASSETCATALOG_COMPILER_APPICON_NAME = AppIcon;
				CODE_SIGN_STYLE = Automatic;
				DEVELOPMENT_TEAM = KNQUVW98YZ;
				INFOPLIST_FILE = BuilderExample/Info.plist;
				LD_RUNPATH_SEARCH_PATHS = (
					"$(inherited)",
					"@executable_path/Frameworks",
				);
				PRODUCT_BUNDLE_IDENTIFIER = com.br.giovanebarreira.BuilderExample;
				PRODUCT_NAME = "$(TARGET_NAME)";
				SWIFT_VERSION = 5.0;
				TARGETED_DEVICE_FAMILY = "1,2";
			};
			name = Release;
		};
		AEBE52462436892E00283423 /* Debug */ = {
			isa = XCBuildConfiguration;
			buildSettings = {
				ALWAYS_EMBED_SWIFT_STANDARD_LIBRARIES = YES;
				BUNDLE_LOADER = "$(TEST_HOST)";
				CODE_SIGN_STYLE = Automatic;
				DEVELOPMENT_TEAM = KNQUVW98YZ;
				INFOPLIST_FILE = BuilderExampleTests/Info.plist;
				IPHONEOS_DEPLOYMENT_TARGET = 13.4;
				LD_RUNPATH_SEARCH_PATHS = (
					"$(inherited)",
					"@executable_path/Frameworks",
					"@loader_path/Frameworks",
				);
				PRODUCT_BUNDLE_IDENTIFIER = com.br.giovanebarreira.BuilderExampleTests;
				PRODUCT_NAME = "$(TARGET_NAME)";
				SWIFT_VERSION = 5.0;
				TARGETED_DEVICE_FAMILY = "1,2";
				TEST_HOST = "$(BUILT_PRODUCTS_DIR)/BuilderExample.app/BuilderExample";
			};
			name = Debug;
		};
		AEBE52472436892E00283423 /* Release */ = {
			isa = XCBuildConfiguration;
			buildSettings = {
				ALWAYS_EMBED_SWIFT_STANDARD_LIBRARIES = YES;
				BUNDLE_LOADER = "$(TEST_HOST)";
				CODE_SIGN_STYLE = Automatic;
				DEVELOPMENT_TEAM = KNQUVW98YZ;
				INFOPLIST_FILE = BuilderExampleTests/Info.plist;
				IPHONEOS_DEPLOYMENT_TARGET = 13.4;
				LD_RUNPATH_SEARCH_PATHS = (
					"$(inherited)",
					"@executable_path/Frameworks",
					"@loader_path/Frameworks",
				);
				PRODUCT_BUNDLE_IDENTIFIER = com.br.giovanebarreira.BuilderExampleTests;
				PRODUCT_NAME = "$(TARGET_NAME)";
				SWIFT_VERSION = 5.0;
				TARGETED_DEVICE_FAMILY = "1,2";
				TEST_HOST = "$(BUILT_PRODUCTS_DIR)/BuilderExample.app/BuilderExample";
			};
			name = Release;
		};
		AEBE52492436892E00283423 /* Debug */ = {
			isa = XCBuildConfiguration;
			buildSettings = {
				ALWAYS_EMBED_SWIFT_STANDARD_LIBRARIES = YES;
				CODE_SIGN_STYLE = Automatic;
				DEVELOPMENT_TEAM = KNQUVW98YZ;
				INFOPLIST_FILE = BuilderExampleUITests/Info.plist;
				LD_RUNPATH_SEARCH_PATHS = (
					"$(inherited)",
					"@executable_path/Frameworks",
					"@loader_path/Frameworks",
				);
				PRODUCT_BUNDLE_IDENTIFIER = com.br.giovanebarreira.BuilderExampleUITests;
				PRODUCT_NAME = "$(TARGET_NAME)";
				SWIFT_VERSION = 5.0;
				TARGETED_DEVICE_FAMILY = "1,2";
				TEST_TARGET_NAME = BuilderExample;
			};
			name = Debug;
		};
		AEBE524A2436892E00283423 /* Release */ = {
			isa = XCBuildConfiguration;
			buildSettings = {
				ALWAYS_EMBED_SWIFT_STANDARD_LIBRARIES = YES;
				CODE_SIGN_STYLE = Automatic;
				DEVELOPMENT_TEAM = KNQUVW98YZ;
				INFOPLIST_FILE = BuilderExampleUITests/Info.plist;
				LD_RUNPATH_SEARCH_PATHS = (
					"$(inherited)",
					"@executable_path/Frameworks",
					"@loader_path/Frameworks",
				);
				PRODUCT_BUNDLE_IDENTIFIER = com.br.giovanebarreira.BuilderExampleUITests;
				PRODUCT_NAME = "$(TARGET_NAME)";
				SWIFT_VERSION = 5.0;
				TARGETED_DEVICE_FAMILY = "1,2";
				TEST_TARGET_NAME = BuilderExample;
			};
			name = Release;
		};
/* End XCBuildConfiguration section */

/* Begin XCConfigurationList section */
		AEBE52132436892B00283423 /* Build configuration list for PBXProject "BuilderExample" */ = {
			isa = XCConfigurationList;
			buildConfigurations = (
				AEBE52402436892E00283423 /* Debug */,
				AEBE52412436892E00283423 /* Release */,
			);
			defaultConfigurationIsVisible = 0;
			defaultConfigurationName = Release;
		};
		AEBE52422436892E00283423 /* Build configuration list for PBXNativeTarget "BuilderExample" */ = {
			isa = XCConfigurationList;
			buildConfigurations = (
				AEBE52432436892E00283423 /* Debug */,
				AEBE52442436892E00283423 /* Release */,
			);
			defaultConfigurationIsVisible = 0;
			defaultConfigurationName = Release;
		};
		AEBE52452436892E00283423 /* Build configuration list for PBXNativeTarget "BuilderExampleTests" */ = {
			isa = XCConfigurationList;
			buildConfigurations = (
				AEBE52462436892E00283423 /* Debug */,
				AEBE52472436892E00283423 /* Release */,
			);
			defaultConfigurationIsVisible = 0;
			defaultConfigurationName = Release;
		};
		AEBE52482436892E00283423 /* Build configuration list for PBXNativeTarget "BuilderExampleUITests" */ = {
			isa = XCConfigurationList;
			buildConfigurations = (
				AEBE52492436892E00283423 /* Debug */,
				AEBE524A2436892E00283423 /* Release */,
			);
			defaultConfigurationIsVisible = 0;
			defaultConfigurationName = Release;
		};
/* End XCConfigurationList section */
	};
	rootObject = AEBE52102436892B00283423 /* Project object */;
}
